
Microsoft Visual Studio Solution File, Format Version 12.00
# Visual Studio Version 17
VisualStudioVersion = 17.0.32112.339
MinimumVisualStudioVersion = 10.0.40219.1
Project("{FAE04EC0-301F-11D3-BF4B-00C04F79EFBC}") = "WebApplication1", "WebApplication1\WebApplication1.csproj", "{03B11941-CBD4-47D1-8B2E-C2B7445D1697}"
EndProject
Global
	GlobalSection(SolutionConfigurationPlatforms) = preSolution
		Debug|Any CPU = Debug|Any CPU
		Release|Any CPU = Release|Any CPU
	EndGlobalSection
	GlobalSection(ProjectConfigurationPlatforms) = postSolution
		{03B11941-CBD4-47D1-8B2E-C2B7445D1697}.Debug|Any CPU.ActiveCfg = Debug|Any CPU
		{03B11941-CBD4-47D1-8B2E-C2B7445D1697}.Debug|Any CPU.Build.0 = Debug|Any CPU
		{03B11941-CBD4-47D1-8B2E-C2B7445D1697}.Release|Any CPU.ActiveCfg = Release|Any CPU
		{03B11941-CBD4-47D1-8B2E-C2B7445D1697}.Release|Any CPU.Build.0 = Release|Any CPU
	EndGlobalSection
	GlobalSection(SolutionProperties) = preSolution
		HideSolutionNode = FALSE
	EndGlobalSection
	GlobalSection(ExtensibilityGlobals) = postSolution
		SolutionGuid = {5DDB8908-D5E9-415E-8343-E44D3B07E991}
	EndGlobalSection
EndGlobal
